# Generated by pub
# See https://dart.dev/tools/pub/glossary#lockfile
packages:
  platforms_source_gen:
    dependency: "direct main"
    description:
      path: "../platforms_source_gen"
      relative: true
    source: path
    version: "0.7.2"
sdks:
  dart: ">=2.12.0 <3.0.0"
  flutter: ">=1.17.0"
